
Microsoft Visual Studio Solution File, Format Version 12.00
# Visual Studio 15
Project("{FAE04EC0-301F-11D3-BF4B-00C04F79EFBC}") = "Assembly-CSharp", "Assembly-CSharp.csproj", "{3A2A773A-3159-500D-3C54-AA2F65E2E57C}"
EndProject
Project("{FAE04EC0-301F-11D3-BF4B-00C04F79EFBC}") = "Assembly-CSharp-Editor", "Assembly-CSharp-Editor.csproj", "{CD69AC64-7812-2AF9-C366-694FBE5598E2}"
EndProject
Global
	GlobalSection(SolutionConfigurationPlatforms) = preSolution
		Debug|Any CPU = Debug|Any CPU
		Release|Any CPU = Release|Any CPU
	EndGlobalSection
	GlobalSection(ProjectConfigurationPlatforms) = postSolution
		{3A2A773A-3159-500D-3C54-AA2F65E2E57C}.Debug|Any CPU.ActiveCfg = Debug|Any CPU
		{3A2A773A-3159-500D-3C54-AA2F65E2E57C}.Debug|Any CPU.Build.0 = Debug|Any CPU
		{3A2A773A-3159-500D-3C54-AA2F65E2E57C}.Release|Any CPU.ActiveCfg = Release|Any CPU
		{3A2A773A-3159-500D-3C54-AA2F65E2E57C}.Release|Any CPU.Build.0 = Release|Any CPU
		{CD69AC64-7812-2AF9-C366-694FBE5598E2}.Debug|Any CPU.ActiveCfg = Debug|Any CPU
		{CD69AC64-7812-2AF9-C366-694FBE5598E2}.Debug|Any CPU.Build.0 = Debug|Any CPU
		{CD69AC64-7812-2AF9-C366-694FBE5598E2}.Release|Any CPU.ActiveCfg = Release|Any CPU
		{CD69AC64-7812-2AF9-C366-694FBE5598E2}.Release|Any CPU.Build.0 = Release|Any CPU
	EndGlobalSection
	GlobalSection(SolutionProperties) = preSolution
		HideSolutionNode = FALSE
	EndGlobalSection
EndGlobal
